
Microsoft Visual Studio Solution File, Format Version 12.00
# Visual Studio Version 16
VisualStudioVersion = 16.0.32228.343
MinimumVisualStudioVersion = 10.0.40219.1
Project("{FAE04EC0-301F-11D3-BF4B-00C04F79EFBC}") = "TaskTracker_API_3Tier", "TaskTracker_API_3Tier.csproj", "{80D4A27F-FF2A-4916-8E65-3E93C4145415}"
EndProject
Project("{FAE04EC0-301F-11D3-BF4B-00C04F79EFBC}") = "TaskTracker_DAL", "..\TaskTracker_DAL\TaskTracker_DAL.csproj", "{55DD9946-5EF9-488D-AC60-F8228DC4449D}"
EndProject
Project("{FAE04EC0-301F-11D3-BF4B-00C04F79EFBC}") = "TaskTracker_BAL", "..\TaskTracker_BAL\TaskTracker_BAL.csproj", "{0F338093-701F-4C36-8B46-E56F0ED88FD9}"
EndProject
Global
	GlobalSection(SolutionConfigurationPlatforms) = preSolution
		Debug|Any CPU = Debug|Any CPU
		Release|Any CPU = Release|Any CPU
	EndGlobalSection
	GlobalSection(ProjectConfigurationPlatforms) = postSolution
		{80D4A27F-FF2A-4916-8E65-3E93C4145415}.Debug|Any CPU.ActiveCfg = Debug|Any CPU
		{80D4A27F-FF2A-4916-8E65-3E93C4145415}.Debug|Any CPU.Build.0 = Debug|Any CPU
		{80D4A27F-FF2A-4916-8E65-3E93C4145415}.Release|Any CPU.ActiveCfg = Release|Any CPU
		{80D4A27F-FF2A-4916-8E65-3E93C4145415}.Release|Any CPU.Build.0 = Release|Any CPU
		{55DD9946-5EF9-488D-AC60-F8228DC4449D}.Debug|Any CPU.ActiveCfg = Debug|Any CPU
		{55DD9946-5EF9-488D-AC60-F8228DC4449D}.Debug|Any CPU.Build.0 = Debug|Any CPU
		{55DD9946-5EF9-488D-AC60-F8228DC4449D}.Release|Any CPU.ActiveCfg = Release|Any CPU
		{55DD9946-5EF9-488D-AC60-F8228DC4449D}.Release|Any CPU.Build.0 = Release|Any CPU
		{0F338093-701F-4C36-8B46-E56F0ED88FD9}.Debug|Any CPU.ActiveCfg = Debug|Any CPU
		{0F338093-701F-4C36-8B46-E56F0ED88FD9}.Debug|Any CPU.Build.0 = Debug|Any CPU
		{0F338093-701F-4C36-8B46-E56F0ED88FD9}.Release|Any CPU.ActiveCfg = Release|Any CPU
		{0F338093-701F-4C36-8B46-E56F0ED88FD9}.Release|Any CPU.Build.0 = Release|Any CPU
	EndGlobalSection
	GlobalSection(SolutionProperties) = preSolution
		HideSolutionNode = FALSE
	EndGlobalSection
	GlobalSection(ExtensibilityGlobals) = postSolution
		SolutionGuid = {E828E106-952A-49C1-85FD-34E98A831515}
	EndGlobalSection
EndGlobal
